version = 1
revision = 3
requires-python = "==3.12.*"

[[package]]
name = "knime-plate-layout-conversion"
version = "0.0.0"
source = { virtual = "." }
dependencies = [
    { name = "polars" },
]

[package.dev-dependencies]
dev = [
    { name = "prek" },
]

[package.metadata]
requires-dist = [{ name = "polars", specifier = ">=1.42.1" }]

[package.metadata.requires-dev]
dev = [{ name = "prek", specifier = ">=0.3.9,<0.4" }]

[[package]]
name = "polars"
version = "1.42.1"
source = { registry = "https://pypi.org/simple" }
dependencies = [
    { name = "polars-runtime-32" },
]
sdist = { url = "https://files.pythonhosted.org/packages/27/99/fe77f10a13a778705ef05b499fc708c9a0b0a3680d9eb6bc6e1b6a6b9914/polars-1.42.1.tar.gz", hash = "sha256:2fe94f3059334650bd850ae19a9c165dcd5d9cb12cd95ea04de2201662e70e8a", size = 741532, upload-time = "2026-06-30T04:57:51.504Z" }
wheels = [
    { url = "https://files.pythonhosted.org/packages/be/6a/edd939cc6fa04b6415aaa9bf19720fc74ead81234b3d38542e0005816d4d/polars-1.42.1-py3-none-any.whl", hash = "sha256:3c0c65cdfa21a621650c4bdcbbccf93964d052fd766c3e70e84a55d961c259fd", size = 837622, upload-time = "2026-06-30T04:56:34.686Z" },
]

[[package]]
name = "polars-runtime-32"
version = "1.42.1"
source = { registry = "https://pypi.org/simple" }
sdist = { url = "https://files.pythonhosted.org/packages/1f/59/15bcc4dac380c6d63efa5446d8317f22671cbd6c9dadd576bd17a334c45a/polars_runtime_32-1.42.1.tar.gz", hash = "sha256:4d4809e1c1b9a6611f6944f27b24abea902b5159e6b6fa262fd716e947af5afd", size = 3045460, upload-time = "2026-06-30T04:57:52.866Z" }
wheels = [
    { url = "https://files.pythonhosted.org/packages/62/29/16ff6e4e91d71e530d3581f45e342a9cc35072ac6b31dcbc2fa33de2569e/polars_runtime_32-1.42.1-cp310-abi3-macosx_10_12_x86_64.whl", hash = "sha256:bbdc26d68ee5b23b0ce227fa0599220aa35b77c826b6b0a6b2d8e7f6c1c36974", size = 53117325, upload-time = "2026-06-30T04:56:37.972Z" },
    { url = "https://files.pythonhosted.org/packages/04/8e/4f8296fcfd1347f1351342fecf13bf2430d7efbae2f1f45964ec7930a99e/polars_runtime_32-1.42.1-cp310-abi3-macosx_11_0_arm64.whl", hash = "sha256:f6c0288be940b607dc4a7476c01e67fb6bbee93f5f1dd42c64970274c71008ba", size = 47446251, upload-time = "2026-06-30T04:56:41.459Z" },
    { url = "https://files.pythonhosted.org/packages/88/2e/0d66a7deadc453b890c3391034ca8ab4b05d0beaebbb92a7d65199fba61b/polars_runtime_32-1.42.1-cp310-abi3-manylinux_2_17_aarch64.manylinux2014_aarch64.whl", hash = "sha256:635d9dbcae2302ae223afb395d5cd220bffa61a53d0ab6871d17c8bc830101cf", size = 51359402, upload-time = "2026-06-30T04:56:44.595Z" },
    { url = "https://files.pythonhosted.org/packages/5d/10/ffb85fa380bc9c9000dc35f40f44954dde49023018501c54faab94b3a39e/polars_runtime_32-1.42.1-cp310-abi3-manylinux_2_17_x86_64.manylinux2014_x86_64.whl", hash = "sha256:d059e8e53cc114ff82f9bd791fd341dc53534a2c745e6f6aa37594c3a93f01fe", size = 57302723, upload-time = "2026-06-30T04:56:47.609Z" },
    { url = "https://files.pythonhosted.org/packages/c2/63/ca50adc62e44224ca5c622a842ba6f35ee87d1d40ef0df7ea2ed6c6edb08/polars_runtime_32-1.42.1-cp310-abi3-musllinux_1_2_aarch64.whl", hash = "sha256:f91f0b13588324905682809d270e1de5f1990c908721c8527657d77a044c9919", size = 51515673, upload-time = "2026-06-30T04:56:50.88Z" },
    { url = "https://files.pythonhosted.org/packages/63/c3/08fbbf38deaa17bf34a601d327cb7451074098673c78b7c1a8538dde9794/polars_runtime_32-1.42.1-cp310-abi3-musllinux_1_2_x86_64.whl", hash = "sha256:8b8bf972d99d48aaaa2582e2bce966a6f43bc815bd8725d15f5cab9e2fb15d17", size = 55217259, upload-time = "2026-06-30T04:56:53.834Z" },
    { url = "https://files.pythonhosted.org/packages/d1/0e/51db89361668fe077a835fc579277f824ba526e7daf7b94d23d25439e0d0/polars_runtime_32-1.42.1-cp310-abi3-win_amd64.whl", hash = "sha256:e9364c26da389a8b7339e4d29e20a3d12af730247e6ed3b7804bddce2477f428", size = 52715432, upload-time = "2026-06-30T04:56:57.109Z" },
    { url = "https://files.pythonhosted.org/packages/76/c5/2fb8592d691bd114de25d9c84300b23541dca7060eac11d7b4bed0327786/polars_runtime_32-1.42.1-cp310-abi3-win_arm64.whl", hash = "sha256:7051226e6b42ffc395a7a9190377cd28649fbfb991b8f85c6271f4e1cfb736fb", size = 46718300, upload-time = "2026-06-30T04:56:59.855Z" },
]

[[package]]
name = "prek"
version = "0.3.13"
source = { registry = "https://pypi.org/simple" }
sdist = { url = "https://files.pythonhosted.org/packages/3c/59/0a279983f96bd5d538b4975f0a23121082aa3b8560b6649fdf61f8011b07/prek-0.3.13.tar.gz", hash = "sha256:c48586ee3708bfbf3df80121f55583e9a7d0fa166b08172c091fe5971e92a0ac", size = 444848, upload-time = "2026-05-05T18:07:09.076Z" }
wheels = [
    { url = "https://files.pythonhosted.org/packages/bc/6a/9baa2bda21dccc2927e952416f6cc23a75eb99c9ed18837164ac2e4a5640/prek-0.3.13-py3-none-linux_armv6l.whl", hash = "sha256:b00d38f01235073c35aa5f48df57fefef45a6cec2ae0884d750345a2c7220370", size = 5506622, upload-time = "2026-05-05T18:06:53.091Z" },
    { url = "https://files.pythonhosted.org/packages/56/77/d44b5d9bdca0879b865f8e47bf84cf5dc9e8b358d029e6d9b83d8809c116/prek-0.3.13-py3-none-macosx_10_12_x86_64.whl", hash = "sha256:0d89ac712c60e34d1550a606ad5fdfb8ad71d44ced8afa2fa5cbc106be4abd9e", size = 5878743, upload-time = "2026-05-05T18:07:23.164Z" },
    { url = "https://files.pythonhosted.org/packages/08/cf/19e8525cde8b3aa12858aca434d1fa653ef3b152da5af11eafc857634dc2/prek-0.3.13-py3-none-macosx_11_0_arm64.whl", hash = "sha256:f9b5265863d18b5be4ea094fdce4fd6ca61a8c89a70ee3d8ee153b3e0ed6b272", size = 5434909, upload-time = "2026-05-05T18:07:25.276Z" },
    { url = "https://files.pythonhosted.org/packages/7a/9a/e5f97194782de4dab622ce09dafb3ebdd2ee4d354a83ac4def7ebeee236c/prek-0.3.13-py3-none-manylinux_2_17_aarch64.manylinux2014_aarch64.musllinux_1_1_aarch64.whl", hash = "sha256:64b59a1550780af2bba37297c704b17f81d8e9df6288af1fab4017938e33b1db", size = 5697536, upload-time = "2026-05-05T18:07:05.475Z" },
    { url = "https://files.pythonhosted.org/packages/c4/8c/e1f548ffc4b227e4c2b5a9b30f5978a7e0e6dad51305b97a2ba5b2a923e7/prek-0.3.13-py3-none-manylinux_2_17_armv7l.manylinux2014_armv7l.whl", hash = "sha256:9ce6cd8f114ba9bbdbe97422103fd886101949b1c42e588a7543c4436ead2020", size = 5428160, upload-time = "2026-05-05T18:07:01.489Z" },
    { url = "https://files.pythonhosted.org/packages/8a/44/abd919b00905a32d21dca2cec32c707860cf217da2431b62dd52684b310e/prek-0.3.13-py3-none-manylinux_2_17_i686.manylinux2014_i686.whl", hash = "sha256:cc03e924a24d8d961f56195853c8b206cb196be6db4ad8312125dae847d718ac", size = 5827275, upload-time = "2026-05-05T18:07:17.437Z" },
    { url = "https://files.pythonhosted.org/packages/af/ed/cafd2b80d58a83faf8371c6543bd1475a2224242a3294da7f8582f6aa551/prek-0.3.13-py3-none-manylinux_2_17_s390x.manylinux2014_s390x.whl", hash = "sha256:7ca8c526a23873177fb3b92013500b08ef5f8bedc7263f9f3a44dd2f49645a26", size = 6710293, upload-time = "2026-05-05T18:07:10.663Z" },
    { url = "https://files.pythonhosted.org/packages/35/09/52a4a27596b764173a34d74db09356b30faaacb4a1075b75adbc036a0008/prek-0.3.13-py3-none-manylinux_2_17_x86_64.manylinux2014_x86_64.whl", hash = "sha256:a5bbb175478438a871e3281d2c3c3f067288af73ad81707a9bdebfd769766c7d", size = 6096556, upload-time = "2026-05-05T18:07:19.46Z" },
    { url = "https://files.pythonhosted.org/packages/63/60/80f61729ce6498815d46d5580cf76da2c157c9b6494046183682441a0ea3/prek-0.3.13-py3-none-manylinux_2_28_aarch64.whl", hash = "sha256:a65327a014d838341af757dfc05a706d10e8e33f039bc32bb3dbe2fa21c440c0", size = 5693267, upload-time = "2026-05-05T18:07:03.66Z" },
    { url = "https://files.pythonhosted.org/packages/36/9d/c7a663fe70676ffab2e0c6c9a71997a3ccd002ed5bc60b7422a937911af0/prek-0.3.13-py3-none-manylinux_2_31_riscv64.whl", hash = "sha256:b6a200843a36a5b0c41764ce7639ccb3471d48b097f1c5e3fc8f034219b42626", size = 5532865, upload-time = "2026-05-05T18:07:15.237Z" },
    { url = "https://files.pythonhosted.org/packages/32/68/506ef5a235536030e16f61e7210474554f6e05f845f27df5877d2dbb1a06/prek-0.3.13-py3-none-musllinux_1_1_armv7l.whl", hash = "sha256:bdacaad8f35f343e063d251211fe34db1de9e5cc591795361ad69a6485202258", size = 5395951, upload-time = "2026-05-05T18:06:55.183Z" },
    { url = "https://files.pythonhosted.org/packages/3e/00/22d7c6db7f43b58f7d015913c12660c9bbc82751cff6cfd8c31993cf30eb/prek-0.3.13-py3-none-musllinux_1_1_i686.whl", hash = "sha256:f00328f1c520d8fefb910ab0d3c6764ee330d227952baa19b7e3de7242bd8b3b", size = 5681195, upload-time = "2026-05-05T18:07:12.804Z" },
    { url = "https://files.pythonhosted.org/packages/10/e3/fdf9882238796914ddaf11381a9083b374980156200a953324f6c795f34d/prek-0.3.13-py3-none-musllinux_1_1_x86_64.whl", hash = "sha256:e5530a867bcf5b172b7513a64e71b06a337d1d184696227ae953845867376b8d", size = 6212085, upload-time = "2026-05-05T18:07:07.213Z" },
    { url = "https://files.pythonhosted.org/packages/ca/1d/528759931344b5c7103085798f5fa2e86d27d9410b753a6bcbe7726aa8ba/prek-0.3.13-py3-none-win32.whl", hash = "sha256:326fac2bdce00074ce6c5046b861d310638aee2b9de1ed241ba7eb32bdc83898", size = 5199566, upload-time = "2026-05-05T18:07:21.416Z" },
    { url = "https://files.pythonhosted.org/packages/6b/d0/8715ee837c73314a02767d20652cc312d1b6ff6733fa00f52de2b648bc3a/prek-0.3.13-py3-none-win_amd64.whl", hash = "sha256:841049f89f5ec9f4035299283d11e566ac5a068e3742ead1055ea04f886831fc", size = 5589599, upload-time = "2026-05-05T18:06:57.28Z" },
    { url = "https://files.pythonhosted.org/packages/ff/cf/0af0b15be0ebd82f7e50adee149b05a73533d78cb1b97cb889f0647ebffe/prek-0.3.13-py3-none-win_arm64.whl", hash = "sha256:a9fd74e0aec550c6b8d41076fdcdd6ff121cd7d94d743c1338bd794784e3c775", size = 5419029, upload-time = "2026-05-05T18:06:59.645Z" },
]
